// !$*UTF8*$!
{
	archiveVersion = 1;
	classes = {
	};
	objectVersion = 46;
	objects = {

/* Begin PBXBuildFile section */
		276303611BD3F42A00744D47 /* AppDelegate.swift in Sources */ = {isa = PBXBuildFile; fileRef = 276303601BD3F42A00744D47 /* AppDelegate.swift */; };
		276303631BD3F42A00744D47 /* ViewController.swift in Sources */ = {isa = PBXBuildFile; fileRef = 276303621BD3F42A00744D47 /* ViewController.swift */; };
		276303661BD3F42A00744D47 /* Main.storyboard in Resources */ = {isa = PBXBuildFile; fileRef = 276303641BD3F42A00744D47 /* Main.storyboard */; };
		276303681BD3F42A00744D47 /* Assets.xcassets in Resources */ = {isa = PBXBuildFile; fileRef = 276303671BD3F42A00744D47 /* Assets.xcassets */; };
		2763036B1BD3F42A00744D47 /* LaunchScreen.storyboard in Resources */ = {isa = PBXBuildFile; fileRef = 276303691BD3F42A00744D47 /* LaunchScreen.storyboard */; };
		276303751BD3F48C00744D47 /* libz.tbd in Frameworks */ = {isa = PBXBuildFile; fileRef = 276303741BD3F48C00744D47 /* libz.tbd */; };
		276303771BD3F49200744D47 /* libsqlite3.tbd in Frameworks */ = {isa = PBXBuildFile; fileRef = 276303761BD3F49200744D47 /* libsqlite3.tbd */; };
		276303801BD3F4C300744D47 /* AudioToolbox.framework in Frameworks */ = {isa = PBXBuildFile; fileRef = 276303781BD3F4C300744D47 /* AudioToolbox.framework */; };
		276303811BD3F4C300744D47 /* CFNetwork.framework in Frameworks */ = {isa = PBXBuildFile; fileRef = 276303791BD3F4C300744D47 /* CFNetwork.framework */; };
		276303821BD3F4C300744D47 /* CoreGraphics.framework in Frameworks */ = {isa = PBXBuildFile; fileRef = 2763037A1BD3F4C300744D47 /* CoreGraphics.framework */; };
		276303831BD3F4C300744D47 /* CoreLocation.framework in Frameworks */ = {isa = PBXBuildFile; fileRef = 2763037B1BD3F4C300744D47 /* CoreLocation.framework */; };
		276303841BD3F4C300744D47 /* QuartzCore.framework in Frameworks */ = {isa = PBXBuildFile; fileRef = 2763037C1BD3F4C300744D47 /* QuartzCore.framework */; };
		276303851BD3F4C300744D47 /* Security.framework in Frameworks */ = {isa = PBXBuildFile; fileRef = 2763037D1BD3F4C300744D47 /* Security.framework */; };
		276303861BD3F4C300744D47 /* StoreKit.framework in Frameworks */ = {isa = PBXBuildFile; fileRef = 2763037E1BD3F4C300744D47 /* StoreKit.framework */; };
		276303871BD3F4C300744D47 /* SystemConfiguration.framework in Frameworks */ = {isa = PBXBuildFile; fileRef = 2763037F1BD3F4C300744D47 /* SystemConfiguration.framework */; };
		2763038D1BD3F53C00744D47 /* Bolts.framework in Frameworks */ = {isa = PBXBuildFile; fileRef = 276303881BD3F53C00744D47 /* Bolts.framework */; settings = {ASSET_TAGS = (); }; };
		2763038E1BD3F53C00744D47 /* Parse.framework in Frameworks */ = {isa = PBXBuildFile; fileRef = 276303891BD3F53C00744D47 /* Parse.framework */; settings = {ASSET_TAGS = (); }; };
		2763038F1BD3F53C00744D47 /* ParseCrashReporting.framework in Frameworks */ = {isa = PBXBuildFile; fileRef = 2763038A1BD3F53C00744D47 /* ParseCrashReporting.framework */; settings = {ASSET_TAGS = (); }; };
		276303901BD3F53C00744D47 /* ParseFacebookUtilsV4.framework in Frameworks */ = {isa = PBXBuildFile; fileRef = 2763038B1BD3F53C00744D47 /* ParseFacebookUtilsV4.framework */; settings = {ASSET_TAGS = (); }; };
		276303911BD3F53C00744D47 /* ParseUI.framework in Frameworks */ = {isa = PBXBuildFile; fileRef = 2763038C1BD3F53C00744D47 /* ParseUI.framework */; settings = {ASSET_TAGS = (); }; };
		276303981BD3FCFC00744D47 /* FBSDKCoreKit.framework in Frameworks */ = {isa = PBXBuildFile; fileRef = 276303961BD3FCFC00744D47 /* FBSDKCoreKit.framework */; };
		276303991BD3FCFC00744D47 /* FBSDKLoginKit.framework in Frameworks */ = {isa = PBXBuildFile; fileRef = 276303971BD3FCFC00744D47 /* FBSDKLoginKit.framework */; };
		2763039B1BD40A0C00744D47 /* sign-in-fb-btn.png in Resources */ = {isa = PBXBuildFile; fileRef = 2763039A1BD40A0C00744D47 /* sign-in-fb-btn.png */; settings = {ASSET_TAGS = (); }; };
		2763039D1BD40D8800744D47 /* SignUpViewController.swift in Sources */ = {isa = PBXBuildFile; fileRef = 2763039C1BD40D8800744D47 /* SignUpViewController.swift */; settings = {ASSET_TAGS = (); }; };
/* End PBXBuildFile section */

/* Begin PBXFileReference section */
		2763035D1BD3F42A00744D47 /* Allowance.app */ = {isa = PBXFileReference; explicitFileType = wrapper.application; includeInIndex = 0; path = Allowance.app; sourceTree = BUILT_PRODUCTS_DIR; };
		276303601BD3F42A00744D47 /* AppDelegate.swift */ = {isa = PBXFileReference; lastKnownFileType = sourcecode.swift; path = AppDelegate.swift; sourceTree = "<group>"; };
		276303621BD3F42A00744D47 /* ViewController.swift */ = {isa = PBXFileReference; lastKnownFileType = sourcecode.swift; path = ViewController.swift; sourceTree = "<group>"; };
		276303651BD3F42A00744D47 /* Base */ = {isa = PBXFileReference; lastKnownFileType = file.storyboard; name = Base; path = Base.lproj/Main.storyboard; sourceTree = "<group>"; };
		276303671BD3F42A00744D47 /* Assets.xcassets */ = {isa = PBXFileReference; lastKnownFileType = folder.assetcatalog; path = Assets.xcassets; sourceTree = "<group>"; };
		2763036A1BD3F42A00744D47 /* Base */ = {isa = PBXFileReference; lastKnownFileType = file.storyboard; name = Base; path = Base.lproj/LaunchScreen.storyboard; sourceTree = "<group>"; };
		2763036C1BD3F42A00744D47 /* Info.plist */ = {isa = PBXFileReference; lastKnownFileType = text.plist.xml; path = Info.plist; sourceTree = "<group>"; };
		276303741BD3F48C00744D47 /* libz.tbd */ = {isa = PBXFileReference; lastKnownFileType = "sourcecode.text-based-dylib-definition"; name = libz.tbd; path = usr/lib/libz.tbd; sourceTree = SDKROOT; };
		276303761BD3F49200744D47 /* libsqlite3.tbd */ = {isa = PBXFileReference; lastKnownFileType = "sourcecode.text-based-dylib-definition"; name = libsqlite3.tbd; path = usr/lib/libsqlite3.tbd; sourceTree = SDKROOT; };
		276303781BD3F4C300744D47 /* AudioToolbox.framework */ = {isa = PBXFileReference; lastKnownFileType = wrapper.framework; name = AudioToolbox.framework; path = System/Library/Frameworks/AudioToolbox.framework; sourceTree = SDKROOT; };
		276303791BD3F4C300744D47 /* CFNetwork.framework */ = {isa = PBXFileReference; lastKnownFileType = wrapper.framework; name = CFNetwork.framework; path = System/Library/Frameworks/CFNetwork.framework; sourceTree = SDKROOT; };
		2763037A1BD3F4C300744D47 /* CoreGraphics.framework */ = {isa = PBXFileReference; lastKnownFileType = wrapper.framework; name = CoreGraphics.framework; path = System/Library/Frameworks/CoreGraphics.framework; sourceTree = SDKROOT; };
		2763037B1BD3F4C300744D47 /* CoreLocation.framework */ = {isa = PBXFileReference; lastKnownFileType = wrapper.framework; name = CoreLocation.framework; path = System/Library/Frameworks/CoreLocation.framework; sourceTree = SDKROOT; };
		2763037C1BD3F4C300744D47 /* QuartzCore.framework */ = {isa = PBXFileReference; lastKnownFileType = wrapper.framework; name = QuartzCore.framework; path = System/Library/Frameworks/QuartzCore.framework; sourceTree = SDKROOT; };
		2763037D1BD3F4C300744D47 /* Security.framework */ = {isa = PBXFileReference; lastKnownFileType = wrapper.framework; name = Security.framework; path = System/Library/Frameworks/Security.framework; sourceTree = SDKROOT; };
		2763037E1BD3F4C300744D47 /* StoreKit.framework */ = {isa = PBXFileReference; lastKnownFileType = wrapper.framework; name = StoreKit.framework; path = System/Library/Frameworks/StoreKit.framework; sourceTree = SDKROOT; };
		2763037F1BD3F4C300744D47 /* SystemConfiguration.framework */ = {isa = PBXFileReference; lastKnownFileType = wrapper.framework; name = SystemConfiguration.framework; path = System/Library/Frameworks/SystemConfiguration.framework; sourceTree = SDKROOT; };
		276303881BD3F53C00744D47 /* Bolts.framework */ = {isa = PBXFileReference; lastKnownFileType = wrapper.framework; name = Bolts.framework; path = "../../Downloads/parse-library-1.9.0 (1)/Bolts.framework"; sourceTree = "<group>"; };
		276303891BD3F53C00744D47 /* Parse.framework */ = {isa = PBXFileReference; lastKnownFileType = wrapper.framework; name = Parse.framework; path = "../../Downloads/parse-library-1.9.0 (1)/Parse.framework"; sourceTree = "<group>"; };
		2763038A1BD3F53C00744D47 /* ParseCrashReporting.framework */ = {isa = PBXFileReference; lastKnownFileType = wrapper.framework; name = ParseCrashReporting.framework; path = "../../Downloads/parse-library-1.9.0 (1)/ParseCrashReporting.framework"; sourceTree = "<group>"; };
		2763038B1BD3F53C00744D47 /* ParseFacebookUtilsV4.framework */ = {isa = PBXFileReference; lastKnownFileType = wrapper.framework; name = ParseFacebookUtilsV4.framework; path = "../../Downloads/parse-library-1.9.0 (1)/ParseFacebookUtilsV4.framework"; sourceTree = "<group>"; };
		2763038C1BD3F53C00744D47 /* ParseUI.framework */ = {isa = PBXFileReference; lastKnownFileType = wrapper.framework; name = ParseUI.framework; path = "../../Downloads/parse-library-1.9.0 (1)/ParseUI.framework"; sourceTree = "<group>"; };
		276303961BD3FCFC00744D47 /* FBSDKCoreKit.framework */ = {isa = PBXFileReference; lastKnownFileType = wrapper.framework; name = FBSDKCoreKit.framework; path = ../../Documents/FacebookSDK/FBSDKCoreKit.framework; sourceTree = "<group>"; };
		276303971BD3FCFC00744D47 /* FBSDKLoginKit.framework */ = {isa = PBXFileReference; lastKnownFileType = wrapper.framework; name = FBSDKLoginKit.framework; path = ../../Documents/FacebookSDK/FBSDKLoginKit.framework; sourceTree = "<group>"; };
		2763039A1BD40A0C00744D47 /* sign-in-fb-btn.png */ = {isa = PBXFileReference; lastKnownFileType = image.png; name = "sign-in-fb-btn.png"; path = "../../../Desktop/sign-in-fb-btn.png"; sourceTree = "<group>"; };
		2763039C1BD40D8800744D47 /* SignUpViewController.swift */ = {isa = PBXFileReference; fileEncoding = 4; lastKnownFileType = sourcecode.swift; path = SignUpViewController.swift; sourceTree = "<group>"; };
/* End PBXFileReference section */

/* Begin PBXFrameworksBuildPhase section */
		2763035A1BD3F42A00744D47 /* Frameworks */ = {
			isa = PBXFrameworksBuildPhase;
			buildActionMask = 2147483647;
			files = (
				276303981BD3FCFC00744D47 /* FBSDKCoreKit.framework in Frameworks */,
				276303991BD3FCFC00744D47 /* FBSDKLoginKit.framework in Frameworks */,
				276303801BD3F4C300744D47 /* AudioToolbox.framework in Frameworks */,
				276303811BD3F4C300744D47 /* CFNetwork.framework in Frameworks */,
				276303901BD3F53C00744D47 /* ParseFacebookUtilsV4.framework in Frameworks */,
				276303821BD3F4C300744D47 /* CoreGraphics.framework in Frameworks */,
				276303831BD3F4C300744D47 /* CoreLocation.framework in Frameworks */,
				276303841BD3F4C300744D47 /* QuartzCore.framework in Frameworks */,
				276303851BD3F4C300744D47 /* Security.framework in Frameworks */,
				276303861BD3F4C300744D47 /* StoreKit.framework in Frameworks */,
				276303871BD3F4C300744D47 /* SystemConfiguration.framework in Frameworks */,
				2763038D1BD3F53C00744D47 /* Bolts.framework in Frameworks */,
				276303771BD3F49200744D47 /* libsqlite3.tbd in Frameworks */,
				2763038E1BD3F53C00744D47 /* Parse.framework in Frameworks */,
				276303911BD3F53C00744D47 /* ParseUI.framework in Frameworks */,
				276303751BD3F48C00744D47 /* libz.tbd in Frameworks */,
				2763038F1BD3F53C00744D47 /* ParseCrashReporting.framework in Frameworks */,
			);
			runOnlyForDeploymentPostprocessing = 0;
		};
/* End PBXFrameworksBuildPhase section */

/* Begin PBXGroup section */
		276303541BD3F42A00744D47 = {
			isa = PBXGroup;
			children = (
				2763035F1BD3F42A00744D47 /* Allowance */,
				276303721BD3F45A00744D47 /* Frameworks */,
				2763035E1BD3F42A00744D47 /* Products */,
			);
			sourceTree = "<group>";
		};
		2763035E1BD3F42A00744D47 /* Products */ = {
			isa = PBXGroup;
			children = (
				2763035D1BD3F42A00744D47 /* Allowance.app */,
			);
			name = Products;
			sourceTree = "<group>";
		};
		2763035F1BD3F42A00744D47 /* Allowance */ = {
			isa = PBXGroup;
			children = (
				2763039A1BD40A0C00744D47 /* sign-in-fb-btn.png */,
				276303601BD3F42A00744D47 /* AppDelegate.swift */,
				276303621BD3F42A00744D47 /* ViewController.swift */,
				2763039C1BD40D8800744D47 /* SignUpViewController.swift */,
				276303641BD3F42A00744D47 /* Main.storyboard */,
				276303671BD3F42A00744D47 /* Assets.xcassets */,
				276303691BD3F42A00744D47 /* LaunchScreen.storyboard */,
				2763036C1BD3F42A00744D47 /* Info.plist */,
			);
			path = Allowance;
			sourceTree = "<group>";
		};
		276303721BD3F45A00744D47 /* Frameworks */ = {
			isa = PBXGroup;
			children = (
				276303961BD3FCFC00744D47 /* FBSDKCoreKit.framework */,
				276303971BD3FCFC00744D47 /* FBSDKLoginKit.framework */,
				276303881BD3F53C00744D47 /* Bolts.framework */,
				276303891BD3F53C00744D47 /* Parse.framework */,
				2763038A1BD3F53C00744D47 /* ParseCrashReporting.framework */,
				2763038B1BD3F53C00744D47 /* ParseFacebookUtilsV4.framework */,
				2763038C1BD3F53C00744D47 /* ParseUI.framework */,
				276303731BD3F46200744D47 /* System Frameworks */,
			);
			name = Frameworks;
			sourceTree = "<group>";
		};
		276303731BD3F46200744D47 /* System Frameworks */ = {
			isa = PBXGroup;
			children = (
				276303781BD3F4C300744D47 /* AudioToolbox.framework */,
				276303791BD3F4C300744D47 /* CFNetwork.framework */,
				2763037A1BD3F4C300744D47 /* CoreGraphics.framework */,
				2763037B1BD3F4C300744D47 /* CoreLocation.framework */,
				2763037C1BD3F4C300744D47 /* QuartzCore.framework */,
				2763037D1BD3F4C300744D47 /* Security.framework */,
				2763037E1BD3F4C300744D47 /* StoreKit.framework */,
				2763037F1BD3F4C300744D47 /* SystemConfiguration.framework */,
				276303761BD3F49200744D47 /* libsqlite3.tbd */,
				276303741BD3F48C00744D47 /* libz.tbd */,
			);
			name = "System Frameworks";
			sourceTree = "<group>";
		};
/* End PBXGroup section */

/* Begin PBXNativeTarget section */
		2763035C1BD3F42A00744D47 /* Allowance */ = {
			isa = PBXNativeTarget;
			buildConfigurationList = 2763036F1BD3F42A00744D47 /* Build configuration list for PBXNativeTarget "Allowance" */;
			buildPhases = (
				276303591BD3F42A00744D47 /* Sources */,
				2763035A1BD3F42A00744D47 /* Frameworks */,
				2763035B1BD3F42A00744D47 /* Resources */,
			);
			buildRules = (
			);
			dependencies = (
			);
			name = Allowance;
			productName = Allowance;
			productReference = 2763035D1BD3F42A00744D47 /* Allowance.app */;
			productType = "com.apple.product-type.application";
		};
/* End PBXNativeTarget section */

/* Begin PBXProject section */
		276303551BD3F42A00744D47 /* Project object */ = {
			isa = PBXProject;
			attributes = {
				LastUpgradeCheck = 0700;
				ORGANIZATIONNAME = "Mike Dinh";
				TargetAttributes = {
					2763035C1BD3F42A00744D47 = {
						CreatedOnToolsVersion = 7.0.1;
					};
				};
			};
			buildConfigurationList = 276303581BD3F42A00744D47 /* Build configuration list for PBXProject "Allowance" */;
			compatibilityVersion = "Xcode 3.2";
			developmentRegion = English;
			hasScannedForEncodings = 0;
			knownRegions = (
				en,
				Base,
			);
			mainGroup = 276303541BD3F42A00744D47;
			productRefGroup = 2763035E1BD3F42A00744D47 /* Products */;
			projectDirPath = "";
			projectRoot = "";
			targets = (
				2763035C1BD3F42A00744D47 /* Allowance */,
			);
		};
/* End PBXProject section */

/* Begin PBXResourcesBuildPhase section */
		2763035B1BD3F42A00744D47 /* Resources */ = {
			isa = PBXResourcesBuildPhase;
			buildActionMask = 2147483647;
			files = (
				2763039B1BD40A0C00744D47 /* sign-in-fb-btn.png in Resources */,
				2763036B1BD3F42A00744D47 /* LaunchScreen.storyboard in Resources */,
				276303681BD3F42A00744D47 /* Assets.xcassets in Resources */,
				276303661BD3F42A00744D47 /* Main.storyboard in Resources */,
			);
			runOnlyForDeploymentPostprocessing = 0;
		};
/* End PBXResourcesBuildPhase section */

/* Begin PBXSourcesBuildPhase section */
		276303591BD3F42A00744D47 /* Sources */ = {
			isa = PBXSourcesBuildPhase;
			buildActionMask = 2147483647;
			files = (
				2763039D1BD40D8800744D47 /* SignUpViewController.swift in Sources */,
				276303631BD3F42A00744D47 /* ViewController.swift in Sources */,
				276303611BD3F42A00744D47 /* AppDelegate.swift in Sources */,
			);
			runOnlyForDeploymentPostprocessing = 0;
		};
/* End PBXSourcesBuildPhase section */

/* Begin PBXVariantGroup section */
		276303641BD3F42A00744D47 /* Main.storyboard */ = {
			isa = PBXVariantGroup;
			children = (
				276303651BD3F42A00744D47 /* Base */,
			);
			name = Main.storyboard;
			sourceTree = "<group>";
		};
		276303691BD3F42A00744D47 /* LaunchScreen.storyboard */ = {
			isa = PBXVariantGroup;
			children = (
				2763036A1BD3F42A00744D47 /* Base */,
			);
			name = LaunchScreen.storyboard;
			sourceTree = "<group>";
		};
/* End PBXVariantGroup section */

/* Begin XCBuildConfiguration section */
		2763036D1BD3F42A00744D47 /* Debug */ = {
			isa = XCBuildConfiguration;
			buildSettings = {
				ALWAYS_SEARCH_USER_PATHS = NO;
				CLANG_CXX_LANGUAGE_STANDARD = "gnu++0x";
				CLANG_CXX_LIBRARY = "libc++";
				CLANG_ENABLE_MODULES = YES;
				CLANG_ENABLE_OBJC_ARC = YES;
				CLANG_WARN_BOOL_CONVERSION = YES;
				CLANG_WARN_CONSTANT_CONVERSION = YES;
				CLANG_WARN_DIRECT_OBJC_ISA_USAGE = YES_ERROR;
				CLANG_WARN_EMPTY_BODY = YES;
				CLANG_WARN_ENUM_CONVERSION = YES;
				CLANG_WARN_INT_CONVERSION = YES;
				CLANG_WARN_OBJC_ROOT_CLASS = YES_ERROR;
				CLANG_WARN_UNREACHABLE_CODE = YES;
				CLANG_WARN__DUPLICATE_METHOD_MATCH = YES;
				"CODE_SIGN_IDENTITY[sdk=iphoneos*]" = "iPhone Developer";
				COPY_PHASE_STRIP = NO;
				DEBUG_INFORMATION_FORMAT = dwarf;
				ENABLE_STRICT_OBJC_MSGSEND = YES;
				ENABLE_TESTABILITY = YES;
				GCC_C_LANGUAGE_STANDARD = gnu99;
				GCC_DYNAMIC_NO_PIC = NO;
				GCC_NO_COMMON_BLOCKS = YES;
				GCC_OPTIMIZATION_LEVEL = 0;
				GCC_PREPROCESSOR_DEFINITIONS = (
					"DEBUG=1",
					"$(inherited)",
				);
				GCC_WARN_64_TO_32_BIT_CONVERSION = YES;
				GCC_WARN_ABOUT_RETURN_TYPE = YES_ERROR;
				GCC_WARN_UNDECLARED_SELECTOR = YES;
				GCC_WARN_UNINITIALIZED_AUTOS = YES_AGGRESSIVE;
				GCC_WARN_UNUSED_FUNCTION = YES;
				GCC_WARN_UNUSED_VARIABLE = YES;
				IPHONEOS_DEPLOYMENT_TARGET = 9.0;
				MTL_ENABLE_DEBUG_INFO = YES;
				ONLY_ACTIVE_ARCH = YES;
				SDKROOT = iphoneos;
				SWIFT_OPTIMIZATION_LEVEL = "-Onone";
				TARGETED_DEVICE_FAMILY = "1,2";
			};
			name = Debug;
		};
		2763036E1BD3F42A00744D47 /* Release */ = {
			isa = XCBuildConfiguration;
			buildSettings = {
				ALWAYS_SEARCH_USER_PATHS = NO;
				CLANG_CXX_LANGUAGE_STANDARD = "gnu++0x";
				CLANG_CXX_LIBRARY = "libc++";
				CLANG_ENABLE_MODULES = YES;
				CLANG_ENABLE_OBJC_ARC = YES;
				CLANG_WARN_BOOL_CONVERSION = YES;
				CLANG_WARN_CONSTANT_CONVERSION = YES;
				CLANG_WARN_DIRECT_OBJC_ISA_USAGE = YES_ERROR;
				CLANG_WARN_EMPTY_BODY = YES;
				CLANG_WARN_ENUM_CONVERSION = YES;
				CLANG_WARN_INT_CONVERSION = YES;
				CLANG_WARN_OBJC_ROOT_CLASS = YES_ERROR;
				CLANG_WARN_UNREACHABLE_CODE = YES;
				CLANG_WARN__DUPLICATE_METHOD_MATCH = YES;
				"CODE_SIGN_IDENTITY[sdk=iphoneos*]" = "iPhone Developer";
				COPY_PHASE_STRIP = NO;
				DEBUG_INFORMATION_FORMAT = "dwarf-with-dsym";
				ENABLE_NS_ASSERTIONS = NO;
				ENABLE_STRICT_OBJC_MSGSEND = YES;
				GCC_C_LANGUAGE_STANDARD = gnu99;
				GCC_NO_COMMON_BLOCKS = YES;
				GCC_WARN_64_TO_32_BIT_CONVERSION = YES;
				GCC_WARN_ABOUT_RETURN_TYPE = YES_ERROR;
				GCC_WARN_UNDECLARED_SELECTOR = YES;
				GCC_WARN_UNINITIALIZED_AUTOS = YES_AGGRESSIVE;
				GCC_WARN_UNUSED_FUNCTION = YES;
				GCC_WARN_UNUSED_VARIABLE = YES;
				IPHONEOS_DEPLOYMENT_TARGET = 9.0;
				MTL_ENABLE_DEBUG_INFO = NO;
				SDKROOT = iphoneos;
				TARGETED_DEVICE_FAMILY = "1,2";
				VALIDATE_PRODUCT = YES;
			};
			name = Release;
		};
		276303701BD3F42A00744D47 /* Debug */ = {
			isa = XCBuildConfiguration;
			buildSettings = {
				ASSETCATALOG_COMPILER_APPICON_NAME = AppIcon;
				FRAMEWORK_SEARCH_PATHS = (
					"$(inherited)",
					"$(PROJECT_DIR)",
					/Users/mike/Documents/FacebookSDK,
				);
				INFOPLIST_FILE = Allowance/Info.plist;
				IPHONEOS_DEPLOYMENT_TARGET = 9.0;
				LD_RUNPATH_SEARCH_PATHS = "$(inherited) @executable_path/Frameworks";
				PRODUCT_BUNDLE_IDENTIFIER = com.mikedinh.Allowance;
				PRODUCT_NAME = "$(TARGET_NAME)";
			};
			name = Debug;
		};
		276303711BD3F42A00744D47 /* Release */ = {
			isa = XCBuildConfiguration;
			buildSettings = {
				ASSETCATALOG_COMPILER_APPICON_NAME = AppIcon;
				FRAMEWORK_SEARCH_PATHS = (
					"$(inherited)",
					"$(PROJECT_DIR)",
					/Users/mike/Documents/FacebookSDK,
				);
				INFOPLIST_FILE = Allowance/Info.plist;
				IPHONEOS_DEPLOYMENT_TARGET = 9.0;
				LD_RUNPATH_SEARCH_PATHS = "$(inherited) @executable_path/Frameworks";
				PRODUCT_BUNDLE_IDENTIFIER = com.mikedinh.Allowance;
				PRODUCT_NAME = "$(TARGET_NAME)";
			};
			name = Release;
		};
/* End XCBuildConfiguration section */

/* Begin XCConfigurationList section */
		276303581BD3F42A00744D47 /* Build configuration list for PBXProject "Allowance" */ = {
			isa = XCConfigurationList;
			buildConfigurations = (
				2763036D1BD3F42A00744D47 /* Debug */,
				2763036E1BD3F42A00744D47 /* Release */,
			);
			defaultConfigurationIsVisible = 0;
			defaultConfigurationName = Release;
		};
		2763036F1BD3F42A00744D47 /* Build configuration list for PBXNativeTarget "Allowance" */ = {
			isa = XCConfigurationList;
			buildConfigurations = (
				276303701BD3F42A00744D47 /* Debug */,
				276303711BD3F42A00744D47 /* Release */,
			);
			defaultConfigurationIsVisible = 0;
		};
/* End XCConfigurationList section */
	};
	rootObject = 276303551BD3F42A00744D47 /* Project object */;
}
